// !$*UTF8*$!
{
	archiveVersion = 1;
	classes = {
	};
	objectVersion = 50;
	objects = {

/* Begin PBXBuildFile section */
		4A45E9612640FF4D0062EDC3 /* AppDelegate.swift in Sources */ = {isa = PBXBuildFile; fileRef = 4A45E9602640FF4D0062EDC3 /* AppDelegate.swift */; };
		4A45E9632640FF4D0062EDC3 /* SceneDelegate.swift in Sources */ = {isa = PBXBuildFile; fileRef = 4A45E9622640FF4D0062EDC3 /* SceneDelegate.swift */; };
		4A45E9652640FF4D0062EDC3 /* HomeController.swift in Sources */ = {isa = PBXBuildFile; fileRef = 4A45E9642640FF4D0062EDC3 /* HomeController.swift */; };
		4A45E9682640FF4D0062EDC3 /* Home.storyboard in Resources */ = {isa = PBXBuildFile; fileRef = 4A45E9662640FF4D0062EDC3 /* Home.storyboard */; };
		4A45E96B2640FF4D0062EDC3 /* sibu.xcdatamodeld in Sources */ = {isa = PBXBuildFile; fileRef = 4A45E9692640FF4D0062EDC3 /* sibu.xcdatamodeld */; };
		4A45E96D2640FF4D0062EDC3 /* Assets.xcassets in Resources */ = {isa = PBXBuildFile; fileRef = 4A45E96C2640FF4D0062EDC3 /* Assets.xcassets */; };
		4A45E9702640FF4D0062EDC3 /* LaunchScreen.storyboard in Resources */ = {isa = PBXBuildFile; fileRef = 4A45E96E2640FF4D0062EDC3 /* LaunchScreen.storyboard */; };
		4A8533352641B80100EEB70B /* EmptyStateViewCell.swift in Sources */ = {isa = PBXBuildFile; fileRef = 4A8533332641B80100EEB70B /* EmptyStateViewCell.swift */; };
		4A8533362641B80100EEB70B /* EmptyStateViewCell.xib in Resources */ = {isa = PBXBuildFile; fileRef = 4A8533342641B80100EEB70B /* EmptyStateViewCell.xib */; };
		4A85333B2641B82C00EEB70B /* RecommendedAllocationViewCell.swift in Sources */ = {isa = PBXBuildFile; fileRef = 4A8533392641B82C00EEB70B /* RecommendedAllocationViewCell.swift */; };
		4A85333C2641B82C00EEB70B /* RecommendedAllocationViewCell.xib in Resources */ = {isa = PBXBuildFile; fileRef = 4A85333A2641B82C00EEB70B /* RecommendedAllocationViewCell.xib */; };
		4A8D4D5A2642B816005C14B4 /* Recommendation.swift in Sources */ = {isa = PBXBuildFile; fileRef = 4A8D4D592642B816005C14B4 /* Recommendation.swift */; };
		4A8D4D5D2642B98B005C14B4 /* RecommendationModel.swift in Sources */ = {isa = PBXBuildFile; fileRef = 4A8D4D5C2642B98B005C14B4 /* RecommendationModel.swift */; };
		4AB27CE7264237570006D5CA /* DefaultButton.swift in Sources */ = {isa = PBXBuildFile; fileRef = 4AB27CE6264237570006D5CA /* DefaultButton.swift */; };
		4AB27CF626424E8B0006D5CA /* AddSalary.storyboard in Resources */ = {isa = PBXBuildFile; fileRef = 4AB27CF526424E8B0006D5CA /* AddSalary.storyboard */; };
		4AB27CF926424EC00006D5CA /* AddSalaryController.swift in Sources */ = {isa = PBXBuildFile; fileRef = 4AB27CF826424EC00006D5CA /* AddSalaryController.swift */; };
/* End PBXBuildFile section */

/* Begin PBXFileReference section */
		4A45E95D2640FF4C0062EDC3 /* sibu.app */ = {isa = PBXFileReference; explicitFileType = wrapper.application; includeInIndex = 0; path = sibu.app; sourceTree = BUILT_PRODUCTS_DIR; };
		4A45E9602640FF4D0062EDC3 /* AppDelegate.swift */ = {isa = PBXFileReference; lastKnownFileType = sourcecode.swift; path = AppDelegate.swift; sourceTree = "<group>"; };
		4A45E9622640FF4D0062EDC3 /* SceneDelegate.swift */ = {isa = PBXFileReference; lastKnownFileType = sourcecode.swift; path = SceneDelegate.swift; sourceTree = "<group>"; };
		4A45E9642640FF4D0062EDC3 /* HomeController.swift */ = {isa = PBXFileReference; lastKnownFileType = sourcecode.swift; path = HomeController.swift; sourceTree = "<group>"; };
		4A45E9672640FF4D0062EDC3 /* Base */ = {isa = PBXFileReference; lastKnownFileType = file.storyboard; name = Base; path = Base.lproj/Home.storyboard; sourceTree = "<group>"; };
		4A45E96A2640FF4D0062EDC3 /* sibu.xcdatamodel */ = {isa = PBXFileReference; lastKnownFileType = wrapper.xcdatamodel; path = sibu.xcdatamodel; sourceTree = "<group>"; };
		4A45E96C2640FF4D0062EDC3 /* Assets.xcassets */ = {isa = PBXFileReference; lastKnownFileType = folder.assetcatalog; path = Assets.xcassets; sourceTree = "<group>"; };
		4A45E96F2640FF4D0062EDC3 /* Base */ = {isa = PBXFileReference; lastKnownFileType = file.storyboard; name = Base; path = Base.lproj/LaunchScreen.storyboard; sourceTree = "<group>"; };
		4A45E9712640FF4D0062EDC3 /* Info.plist */ = {isa = PBXFileReference; lastKnownFileType = text.plist.xml; path = Info.plist; sourceTree = "<group>"; };
		4A8533332641B80100EEB70B /* EmptyStateViewCell.swift */ = {isa = PBXFileReference; lastKnownFileType = sourcecode.swift; path = EmptyStateViewCell.swift; sourceTree = "<group>"; };
		4A8533342641B80100EEB70B /* EmptyStateViewCell.xib */ = {isa = PBXFileReference; lastKnownFileType = file.xib; path = EmptyStateViewCell.xib; sourceTree = "<group>"; };
		4A8533392641B82C00EEB70B /* RecommendedAllocationViewCell.swift */ = {isa = PBXFileReference; lastKnownFileType = sourcecode.swift; path = RecommendedAllocationViewCell.swift; sourceTree = "<group>"; };
		4A85333A2641B82C00EEB70B /* RecommendedAllocationViewCell.xib */ = {isa = PBXFileReference; lastKnownFileType = file.xib; path = RecommendedAllocationViewCell.xib; sourceTree = "<group>"; };
		4A8D4D592642B816005C14B4 /* Recommendation.swift */ = {isa = PBXFileReference; lastKnownFileType = sourcecode.swift; path = Recommendation.swift; sourceTree = "<group>"; };
		4A8D4D5C2642B98B005C14B4 /* RecommendationModel.swift */ = {isa = PBXFileReference; lastKnownFileType = sourcecode.swift; path = RecommendationModel.swift; sourceTree = "<group>"; };
		4AB27CE6264237570006D5CA /* DefaultButton.swift */ = {isa = PBXFileReference; lastKnownFileType = sourcecode.swift; path = DefaultButton.swift; sourceTree = "<group>"; };
		4AB27CF526424E8B0006D5CA /* AddSalary.storyboard */ = {isa = PBXFileReference; lastKnownFileType = file.storyboard; path = AddSalary.storyboard; sourceTree = "<group>"; };
		4AB27CF826424EC00006D5CA /* AddSalaryController.swift */ = {isa = PBXFileReference; lastKnownFileType = sourcecode.swift; path = AddSalaryController.swift; sourceTree = "<group>"; };
/* End PBXFileReference section */

/* Begin PBXFrameworksBuildPhase section */
		4A45E95A2640FF4C0062EDC3 /* Frameworks */ = {
			isa = PBXFrameworksBuildPhase;
			buildActionMask = 2147483647;
			files = (
			);
			runOnlyForDeploymentPostprocessing = 0;
		};
/* End PBXFrameworksBuildPhase section */

/* Begin PBXGroup section */
		4A45E9542640FF4C0062EDC3 = {
			isa = PBXGroup;
			children = (
				4A45E95F2640FF4C0062EDC3 /* sibu */,
				4A45E95E2640FF4C0062EDC3 /* Products */,
			);
			sourceTree = "<group>";
		};
		4A45E95E2640FF4C0062EDC3 /* Products */ = {
			isa = PBXGroup;
			children = (
				4A45E95D2640FF4C0062EDC3 /* sibu.app */,
			);
			name = Products;
			sourceTree = "<group>";
		};
		4A45E95F2640FF4C0062EDC3 /* sibu */ = {
			isa = PBXGroup;
			children = (
				4A85332F2641B61800EEB70B /* Controller */,
				4A85332E2641B61200EEB70B /* View */,
				4A85332D2641B60D00EEB70B /* Model */,
				4A45E9602640FF4D0062EDC3 /* AppDelegate.swift */,
				4A45E9622640FF4D0062EDC3 /* SceneDelegate.swift */,
				4A45E96C2640FF4D0062EDC3 /* Assets.xcassets */,
				4A45E96E2640FF4D0062EDC3 /* LaunchScreen.storyboard */,
				4A45E9712640FF4D0062EDC3 /* Info.plist */,
				4A45E9692640FF4D0062EDC3 /* sibu.xcdatamodeld */,
			);
			path = sibu;
			sourceTree = "<group>";
		};
		4A85332D2641B60D00EEB70B /* Model */ = {
			isa = PBXGroup;
			children = (
				4A8D4D592642B816005C14B4 /* Recommendation.swift */,
				4A8D4D5C2642B98B005C14B4 /* RecommendationModel.swift */,
			);
			path = Model;
			sourceTree = "<group>";
		};
		4A85332E2641B61200EEB70B /* View */ = {
			isa = PBXGroup;
			children = (
				4AB27CEA264244F30006D5CA /* add salary */,
				4AB27CE6264237570006D5CA /* DefaultButton.swift */,
				4A8533312641B6ED00EEB70B /* home */,
			);
			path = View;
			sourceTree = "<group>";
		};
		4A85332F2641B61800EEB70B /* Controller */ = {
			isa = PBXGroup;
			children = (
				4A45E9642640FF4D0062EDC3 /* HomeController.swift */,
				4AB27CF826424EC00006D5CA /* AddSalaryController.swift */,
			);
			path = Controller;
			sourceTree = "<group>";
		};
		4A8533312641B6ED00EEB70B /* home */ = {
			isa = PBXGroup;
			children = (
				4A8533322641B77C00EEB70B /* homeCell */,
				4A45E9662640FF4D0062EDC3 /* Home.storyboard */,
			);
			path = home;
			sourceTree = "<group>";
		};
		4A8533322641B77C00EEB70B /* homeCell */ = {
			isa = PBXGroup;
			children = (
				4A8533332641B80100EEB70B /* EmptyStateViewCell.swift */,
				4A8533342641B80100EEB70B /* EmptyStateViewCell.xib */,
				4A8533392641B82C00EEB70B /* RecommendedAllocationViewCell.swift */,
				4A85333A2641B82C00EEB70B /* RecommendedAllocationViewCell.xib */,
			);
			path = homeCell;
			sourceTree = "<group>";
		};
		4AB27CEA264244F30006D5CA /* add salary */ = {
			isa = PBXGroup;
			children = (
				4AB27CF526424E8B0006D5CA /* AddSalary.storyboard */,
			);
			path = "add salary";
			sourceTree = "<group>";
		};
/* End PBXGroup section */

/* Begin PBXNativeTarget section */
		4A45E95C2640FF4C0062EDC3 /* sibu */ = {
			isa = PBXNativeTarget;
			buildConfigurationList = 4A45E9742640FF4D0062EDC3 /* Build configuration list for PBXNativeTarget "sibu" */;
			buildPhases = (
				4A45E9592640FF4C0062EDC3 /* Sources */,
				4A45E95A2640FF4C0062EDC3 /* Frameworks */,
				4A45E95B2640FF4C0062EDC3 /* Resources */,
			);
			buildRules = (
			);
			dependencies = (
			);
			name = sibu;
			productName = sibu;
			productReference = 4A45E95D2640FF4C0062EDC3 /* sibu.app */;
			productType = "com.apple.product-type.application";
		};
/* End PBXNativeTarget section */

/* Begin PBXProject section */
		4A45E9552640FF4C0062EDC3 /* Project object */ = {
			isa = PBXProject;
			attributes = {
				LastSwiftUpdateCheck = 1240;
				LastUpgradeCheck = 1240;
				TargetAttributes = {
					4A45E95C2640FF4C0062EDC3 = {
						CreatedOnToolsVersion = 12.4;
					};
				};
			};
			buildConfigurationList = 4A45E9582640FF4C0062EDC3 /* Build configuration list for PBXProject "sibu" */;
			compatibilityVersion = "Xcode 9.3";
			developmentRegion = en;
			hasScannedForEncodings = 0;
			knownRegions = (
				en,
				Base,
			);
			mainGroup = 4A45E9542640FF4C0062EDC3;
			productRefGroup = 4A45E95E2640FF4C0062EDC3 /* Products */;
			projectDirPath = "";
			projectRoot = "";
			targets = (
				4A45E95C2640FF4C0062EDC3 /* sibu */,
			);
		};
/* End PBXProject section */

/* Begin PBXResourcesBuildPhase section */
		4A45E95B2640FF4C0062EDC3 /* Resources */ = {
			isa = PBXResourcesBuildPhase;
			buildActionMask = 2147483647;
			files = (
				4A45E9702640FF4D0062EDC3 /* LaunchScreen.storyboard in Resources */,
				4A45E96D2640FF4D0062EDC3 /* Assets.xcassets in Resources */,
				4AB27CF626424E8B0006D5CA /* AddSalary.storyboard in Resources */,
				4A85333C2641B82C00EEB70B /* RecommendedAllocationViewCell.xib in Resources */,
				4A8533362641B80100EEB70B /* EmptyStateViewCell.xib in Resources */,
				4A45E9682640FF4D0062EDC3 /* Home.storyboard in Resources */,
			);
			runOnlyForDeploymentPostprocessing = 0;
		};
/* End PBXResourcesBuildPhase section */

/* Begin PBXSourcesBuildPhase section */
		4A45E9592640FF4C0062EDC3 /* Sources */ = {
			isa = PBXSourcesBuildPhase;
			buildActionMask = 2147483647;
			files = (
				4A8D4D5A2642B816005C14B4 /* Recommendation.swift in Sources */,
				4A45E96B2640FF4D0062EDC3 /* sibu.xcdatamodeld in Sources */,
				4A8533352641B80100EEB70B /* EmptyStateViewCell.swift in Sources */,
				4A45E9652640FF4D0062EDC3 /* HomeController.swift in Sources */,
				4A45E9612640FF4D0062EDC3 /* AppDelegate.swift in Sources */,
				4A85333B2641B82C00EEB70B /* RecommendedAllocationViewCell.swift in Sources */,
				4AB27CF926424EC00006D5CA /* AddSalaryController.swift in Sources */,
				4A45E9632640FF4D0062EDC3 /* SceneDelegate.swift in Sources */,
				4A8D4D5D2642B98B005C14B4 /* RecommendationModel.swift in Sources */,
				4AB27CE7264237570006D5CA /* DefaultButton.swift in Sources */,
			);
			runOnlyForDeploymentPostprocessing = 0;
		};
/* End PBXSourcesBuildPhase section */

/* Begin PBXVariantGroup section */
		4A45E9662640FF4D0062EDC3 /* Home.storyboard */ = {
			isa = PBXVariantGroup;
			children = (
				4A45E9672640FF4D0062EDC3 /* Base */,
			);
			name = Home.storyboard;
			sourceTree = "<group>";
		};
		4A45E96E2640FF4D0062EDC3 /* LaunchScreen.storyboard */ = {
			isa = PBXVariantGroup;
			children = (
				4A45E96F2640FF4D0062EDC3 /* Base */,
			);
			name = LaunchScreen.storyboard;
			sourceTree = "<group>";
		};
/* End PBXVariantGroup section */

/* Begin XCBuildConfiguration section */
		4A45E9722640FF4D0062EDC3 /* Debug */ = {
			isa = XCBuildConfiguration;
			buildSettings = {
				ALWAYS_SEARCH_USER_PATHS = NO;
				CLANG_ANALYZER_NONNULL = YES;
				CLANG_ANALYZER_NUMBER_OBJECT_CONVERSION = YES_AGGRESSIVE;
				CLANG_CXX_LANGUAGE_STANDARD = "gnu++14";
				CLANG_CXX_LIBRARY = "libc++";
				CLANG_ENABLE_MODULES = YES;
				CLANG_ENABLE_OBJC_ARC = YES;
				CLANG_ENABLE_OBJC_WEAK = YES;
				CLANG_WARN_BLOCK_CAPTURE_AUTORELEASING = YES;
				CLANG_WARN_BOOL_CONVERSION = YES;
				CLANG_WARN_COMMA = YES;
				CLANG_WARN_CONSTANT_CONVERSION = YES;
				CLANG_WARN_DEPRECATED_OBJC_IMPLEMENTATIONS = YES;
				CLANG_WARN_DIRECT_OBJC_ISA_USAGE = YES_ERROR;
				CLANG_WARN_DOCUMENTATION_COMMENTS = YES;
				CLANG_WARN_EMPTY_BODY = YES;
				CLANG_WARN_ENUM_CONVERSION = YES;
				CLANG_WARN_INFINITE_RECURSION = YES;
				CLANG_WARN_INT_CONVERSION = YES;
				CLANG_WARN_NON_LITERAL_NULL_CONVERSION = YES;
				CLANG_WARN_OBJC_IMPLICIT_RETAIN_SELF = YES;
				CLANG_WARN_OBJC_LITERAL_CONVERSION = YES;
				CLANG_WARN_OBJC_ROOT_CLASS = YES_ERROR;
				CLANG_WARN_QUOTED_INCLUDE_IN_FRAMEWORK_HEADER = YES;
				CLANG_WARN_RANGE_LOOP_ANALYSIS = YES;
				CLANG_WARN_STRICT_PROTOTYPES = YES;
				CLANG_WARN_SUSPICIOUS_MOVE = YES;
				CLANG_WARN_UNGUARDED_AVAILABILITY = YES_AGGRESSIVE;
				CLANG_WARN_UNREACHABLE_CODE = YES;
				CLANG_WARN__DUPLICATE_METHOD_MATCH = YES;
				COPY_PHASE_STRIP = NO;
				DEBUG_INFORMATION_FORMAT = dwarf;
				ENABLE_STRICT_OBJC_MSGSEND = YES;
				ENABLE_TESTABILITY = YES;
				GCC_C_LANGUAGE_STANDARD = gnu11;
				GCC_DYNAMIC_NO_PIC = NO;
				GCC_NO_COMMON_BLOCKS = YES;
				GCC_OPTIMIZATION_LEVEL = 0;
				GCC_PREPROCESSOR_DEFINITIONS = (
					"DEBUG=1",
					"$(inherited)",
				);
				GCC_WARN_64_TO_32_BIT_CONVERSION = YES;
				GCC_WARN_ABOUT_RETURN_TYPE = YES_ERROR;
				GCC_WARN_UNDECLARED_SELECTOR = YES;
				GCC_WARN_UNINITIALIZED_AUTOS = YES_AGGRESSIVE;
				GCC_WARN_UNUSED_FUNCTION = YES;
				GCC_WARN_UNUSED_VARIABLE = YES;
				IPHONEOS_DEPLOYMENT_TARGET = 14.4;
				MTL_ENABLE_DEBUG_INFO = INCLUDE_SOURCE;
				MTL_FAST_MATH = YES;
				ONLY_ACTIVE_ARCH = YES;
				SDKROOT = iphoneos;
				SWIFT_ACTIVE_COMPILATION_CONDITIONS = DEBUG;
				SWIFT_OPTIMIZATION_LEVEL = "-Onone";
			};
			name = Debug;
		};
		4A45E9732640FF4D0062EDC3 /* Release */ = {
			isa = XCBuildConfiguration;
			buildSettings = {
				ALWAYS_SEARCH_USER_PATHS = NO;
				CLANG_ANALYZER_NONNULL = YES;
				CLANG_ANALYZER_NUMBER_OBJECT_CONVERSION = YES_AGGRESSIVE;
				CLANG_CXX_LANGUAGE_STANDARD = "gnu++14";
				CLANG_CXX_LIBRARY = "libc++";
				CLANG_ENABLE_MODULES = YES;
				CLANG_ENABLE_OBJC_ARC = YES;
				CLANG_ENABLE_OBJC_WEAK = YES;
				CLANG_WARN_BLOCK_CAPTURE_AUTORELEASING = YES;
				CLANG_WARN_BOOL_CONVERSION = YES;
				CLANG_WARN_COMMA = YES;
				CLANG_WARN_CONSTANT_CONVERSION = YES;
				CLANG_WARN_DEPRECATED_OBJC_IMPLEMENTATIONS = YES;
				CLANG_WARN_DIRECT_OBJC_ISA_USAGE = YES_ERROR;
				CLANG_WARN_DOCUMENTATION_COMMENTS = YES;
				CLANG_WARN_EMPTY_BODY = YES;
				CLANG_WARN_ENUM_CONVERSION = YES;
				CLANG_WARN_INFINITE_RECURSION = YES;
				CLANG_WARN_INT_CONVERSION = YES;
				CLANG_WARN_NON_LITERAL_NULL_CONVERSION = YES;
				CLANG_WARN_OBJC_IMPLICIT_RETAIN_SELF = YES;
				CLANG_WARN_OBJC_LITERAL_CONVERSION = YES;
				CLANG_WARN_OBJC_ROOT_CLASS = YES_ERROR;
				CLANG_WARN_QUOTED_INCLUDE_IN_FRAMEWORK_HEADER = YES;
				CLANG_WARN_RANGE_LOOP_ANALYSIS = YES;
				CLANG_WARN_STRICT_PROTOTYPES = YES;
				CLANG_WARN_SUSPICIOUS_MOVE = YES;
				CLANG_WARN_UNGUARDED_AVAILABILITY = YES_AGGRESSIVE;
				CLANG_WARN_UNREACHABLE_CODE = YES;
				CLANG_WARN__DUPLICATE_METHOD_MATCH = YES;
				COPY_PHASE_STRIP = NO;
				DEBUG_INFORMATION_FORMAT = "dwarf-with-dsym";
				ENABLE_NS_ASSERTIONS = NO;
				ENABLE_STRICT_OBJC_MSGSEND = YES;
				GCC_C_LANGUAGE_STANDARD = gnu11;
				GCC_NO_COMMON_BLOCKS = YES;
				GCC_WARN_64_TO_32_BIT_CONVERSION = YES;
				GCC_WARN_ABOUT_RETURN_TYPE = YES_ERROR;
				GCC_WARN_UNDECLARED_SELECTOR = YES;
				GCC_WARN_UNINITIALIZED_AUTOS = YES_AGGRESSIVE;
				GCC_WARN_UNUSED_FUNCTION = YES;
				GCC_WARN_UNUSED_VARIABLE = YES;
				IPHONEOS_DEPLOYMENT_TARGET = 14.4;
				MTL_ENABLE_DEBUG_INFO = NO;
				MTL_FAST_MATH = YES;
				SDKROOT = iphoneos;
				SWIFT_COMPILATION_MODE = wholemodule;
				SWIFT_OPTIMIZATION_LEVEL = "-O";
				VALIDATE_PRODUCT = YES;
			};
			name = Release;
		};
		4A45E9752640FF4D0062EDC3 /* Debug */ = {
			isa = XCBuildConfiguration;
			buildSettings = {
				ASSETCATALOG_COMPILER_APPICON_NAME = AppIcon;
				ASSETCATALOG_COMPILER_GLOBAL_ACCENT_COLOR_NAME = AccentColor;
				CODE_SIGN_STYLE = Automatic;
				INFOPLIST_FILE = sibu/Info.plist;
				LD_RUNPATH_SEARCH_PATHS = (
					"$(inherited)",
					"@executable_path/Frameworks",
				);
				PRODUCT_BUNDLE_IDENTIFIER = com.sun3tolinedev.sibu;
				PRODUCT_NAME = "$(TARGET_NAME)";
				SWIFT_VERSION = 5.0;
				TARGETED_DEVICE_FAMILY = "1,2";
			};
			name = Debug;
		};
		4A45E9762640FF4D0062EDC3 /* Release */ = {
			isa = XCBuildConfiguration;
			buildSettings = {
				ASSETCATALOG_COMPILER_APPICON_NAME = AppIcon;
				ASSETCATALOG_COMPILER_GLOBAL_ACCENT_COLOR_NAME = AccentColor;
				CODE_SIGN_STYLE = Automatic;
				INFOPLIST_FILE = sibu/Info.plist;
				LD_RUNPATH_SEARCH_PATHS = (
					"$(inherited)",
					"@executable_path/Frameworks",
				);
				PRODUCT_BUNDLE_IDENTIFIER = com.sun3tolinedev.sibu;
				PRODUCT_NAME = "$(TARGET_NAME)";
				SWIFT_VERSION = 5.0;
				TARGETED_DEVICE_FAMILY = "1,2";
			};
			name = Release;
		};
/* End XCBuildConfiguration section */

/* Begin XCConfigurationList section */
		4A45E9582640FF4C0062EDC3 /* Build configuration list for PBXProject "sibu" */ = {
			isa = XCConfigurationList;
			buildConfigurations = (
				4A45E9722640FF4D0062EDC3 /* Debug */,
				4A45E9732640FF4D0062EDC3 /* Release */,
			);
			defaultConfigurationIsVisible = 0;
			defaultConfigurationName = Release;
		};
		4A45E9742640FF4D0062EDC3 /* Build configuration list for PBXNativeTarget "sibu" */ = {
			isa = XCConfigurationList;
			buildConfigurations = (
				4A45E9752640FF4D0062EDC3 /* Debug */,
				4A45E9762640FF4D0062EDC3 /* Release */,
			);
			defaultConfigurationIsVisible = 0;
			defaultConfigurationName = Release;
		};
/* End XCConfigurationList section */

/* Begin XCVersionGroup section */
		4A45E9692640FF4D0062EDC3 /* sibu.xcdatamodeld */ = {
			isa = XCVersionGroup;
			children = (
				4A45E96A2640FF4D0062EDC3 /* sibu.xcdatamodel */,
			);
			currentVersion = 4A45E96A2640FF4D0062EDC3 /* sibu.xcdatamodel */;
			path = sibu.xcdatamodeld;
			sourceTree = "<group>";
			versionGroupType = wrapper.xcdatamodel;
		};
/* End XCVersionGroup section */
	};
	rootObject = 4A45E9552640FF4C0062EDC3 /* Project object */;
}
